{
  "name": "hyperscriptify-propsify-standard",
  "lockfileVersion": 3,
  "requires": true,
  "packages": {
    "": {
      "name": "hyperscriptify-propsify-standard",
      "dependencies": {
        "clsx": "^2.1.1",
        "lodash-es": "^4"
      }
    },
    "node_modules/clsx": {
      "version": "2.1.1",
      "resolved": "https://registry.npmjs.org/clsx/-/clsx-2.1.1.tgz",
      "integrity": "sha512-eYm0QWBtUrBWZWG0d386OGAw16Z995PiOVo2B7bjWSbHedGl5e0ZWaq65kOGgUSNesEIDkB9ISbTg/JK9dhCZA==",
      "engines": {
        "node": ">=6"
      }
    },
    "node_modules/lodash-es": {
      "version": "4.18.1",
      "resolved": "https://registry.npmjs.org/lodash-es/-/lodash-es-4.18.1.tgz",
      "integrity": "sha512-J8xewKD/Gk22OZbhpOVSwcs60zhd95ESDwezOFuA3/099925PdHJ7OFHNTGtajL3AlZkykD32HykiMo+BIBI8A==",
      "license": "MIT"
    }
  }
}
